
Microsoft Visual Studio Solution File, Format Version 12.00
# Visual Studio Version 17
VisualStudioVersion = 17.8.34112.27
MinimumVisualStudioVersion = 10.0.40219.1
Project("{9A19103F-16F7-4668-BE54-9A1E7A4F7556}") = "E-Commerce_Temp_RazorPages", "E-Commerce_Temp_RazorPages.csproj", "{55E90192-F74F-4CED-BEEA-74E42F0A9F42}"
EndProject
Global
	GlobalSection(SolutionConfigurationPlatforms) = preSolution
		Debug|Any CPU = Debug|Any CPU
		Release|Any CPU = Release|Any CPU
	EndGlobalSection
	GlobalSection(ProjectConfigurationPlatforms) = postSolution
		{55E90192-F74F-4CED-BEEA-74E42F0A9F42}.Debug|Any CPU.ActiveCfg = Debug|Any CPU
		{55E90192-F74F-4CED-BEEA-74E42F0A9F42}.Debug|Any CPU.Build.0 = Debug|Any CPU
		{55E90192-F74F-4CED-BEEA-74E42F0A9F42}.Release|Any CPU.ActiveCfg = Release|Any CPU
		{55E90192-F74F-4CED-BEEA-74E42F0A9F42}.Release|Any CPU.Build.0 = Release|Any CPU
	EndGlobalSection
	GlobalSection(SolutionProperties) = preSolution
		HideSolutionNode = FALSE
	EndGlobalSection
	GlobalSection(ExtensibilityGlobals) = postSolution
		SolutionGuid = {8279FEFC-031A-4B4D-AD27-E53C8F7F590E}
	EndGlobalSection
EndGlobal
